
Microsoft Visual Studio Solution File, Format Version 12.00
# Visual Studio Version 17
VisualStudioVersion = 17.4.33122.133
MinimumVisualStudioVersion = 10.0.40219.1
Project("{FAE04EC0-301F-11D3-BF4B-00C04F79EFBC}") = "SiGG-MobileApp-Server", "SiGG-MobileApp-Server\SiGG-MobileApp-Server.csproj", "{B2D9705B-3769-41D3-9C83-E5F05512BD01}"
EndProject
Global
	GlobalSection(SolutionConfigurationPlatforms) = preSolution
		Debug|Any CPU = Debug|Any CPU
		Release|Any CPU = Release|Any CPU
	EndGlobalSection
	GlobalSection(ProjectConfigurationPlatforms) = postSolution
		{B2D9705B-3769-41D3-9C83-E5F05512BD01}.Debug|Any CPU.ActiveCfg = Debug|Any CPU
		{B2D9705B-3769-41D3-9C83-E5F05512BD01}.Debug|Any CPU.Build.0 = Debug|Any CPU
		{B2D9705B-3769-41D3-9C83-E5F05512BD01}.Release|Any CPU.ActiveCfg = Release|Any CPU
		{B2D9705B-3769-41D3-9C83-E5F05512BD01}.Release|Any CPU.Build.0 = Release|Any CPU
	EndGlobalSection
	GlobalSection(SolutionProperties) = preSolution
		HideSolutionNode = FALSE
	EndGlobalSection
	GlobalSection(ExtensibilityGlobals) = postSolution
		SolutionGuid = {BAD712C2-3664-446F-90BA-834081DA7A18}
	EndGlobalSection
EndGlobal
